Microsoft Visual Studio Solution File, Format Version 12.00
# Visual Studio 2013
Project("{8BC9CEB8-8B4A-11D0-8D11-00A0C91BC942}") = "ALL_BUILD", "ALL_BUILD.vcxproj", "{238BAD56-9BCB-34DE-B128-7E994503267E}"
	ProjectSection(ProjectDependencies) = postProject
		{B274F1C6-695E-3620-882E-E7783C303D42} = {B274F1C6-695E-3620-882E-E7783C303D42}
		{A71388D4-86B3-3667-A073-EF8CEE9280E3} = {A71388D4-86B3-3667-A073-EF8CEE9280E3}
		{D52DC136-8547-3C19-A2CC-CFC5BC8E1BB9} = {D52DC136-8547-3C19-A2CC-CFC5BC8E1BB9}
		{D7CFE4CB-9C28-3AB8-88D0-AE29E693E7EA} = {D7CFE4CB-9C28-3AB8-88D0-AE29E693E7EA}
		{C7BAC791-D473-3569-B384-FE1CBEAC9EDC} = {C7BAC791-D473-3569-B384-FE1CBEAC9EDC}
		{DF5124BB-FC54-3E1A-B79E-A0808B3CF932} = {DF5124BB-FC54-3E1A-B79E-A0808B3CF932}
		{F52FD00E-F8B4-3B81-A90A-1B1605DBAF5C} = {F52FD00E-F8B4-3B81-A90A-1B1605DBAF5C}
		{9D585825-0327-3D8F-9430-13751505589D} = {9D585825-0327-3D8F-9430-13751505589D}
		{F5238A1C-BE91-353C-AC8A-B11083A1AF91} = {F5238A1C-BE91-353C-AC8A-B11083A1AF91}
		{6519F1B6-1A62-3B17-A123-92DB285D38A9} = {6519F1B6-1A62-3B17-A123-92DB285D38A9}
		{55DC7095-B006-367C-84CE-A6DA07D685B2} = {55DC7095-B006-367C-84CE-A6DA07D685B2}
		{43F9E41B-BA21-31D8-93AC-DF2B10D6C95B} = {43F9E41B-BA21-31D8-93AC-DF2B10D6C95B}
		{D56C2ACB-C53F-3D3C-8A4F-AB5E9FB1198F} = {D56C2ACB-C53F-3D3C-8A4F-AB5E9FB1198F}
		{31C119E4-B758-3EB7-BA21-491BBE3AD1B9} = {31C119E4-B758-3EB7-BA21-491BBE3AD1B9}
		{9360DB2B-630B-366E-AE05-70E500E5873A} = {9360DB2B-630B-366E-AE05-70E500E5873A}
		{BD9D08EE-321D-369D-91BF-5EA092DD8E3B} = {BD9D08EE-321D-369D-91BF-5EA092DD8E3B}
		{2690D410-7CBC-3F10-B335-B681DD26B0D7} = {2690D410-7CBC-3F10-B335-B681DD26B0D7}
		{49CA9597-9175-3972-A273-12EBB7F004FB} = {49CA9597-9175-3972-A273-12EBB7F004FB}
		{5E7F0587-A92F-3678-B7D1-1BD6F31A17CA} = {5E7F0587-A92F-3678-B7D1-1BD6F31A17CA}
		{862A9AB0-F789-35B5-88A3-6137BC97DBB9} = {862A9AB0-F789-35B5-88A3-6137BC97DBB9}
		{A7932CF9-97D9-3053-A781-4D5AC1E72EFC} = {A7932CF9-97D9-3053-A781-4D5AC1E72EFC}
		{4428F6DD-5532-3145-9652-4305E4FB74F3} = {4428F6DD-5532-3145-9652-4305E4FB74F3}
		{FC07CDE4-1485-3938-BAF0-9E0FB19BA9B5} = {FC07CDE4-1485-3938-BAF0-9E0FB19BA9B5}
		{49B5B0F0-C6F2-363B-BB10-8E7BA1B15922} = {49B5B0F0-C6F2-363B-BB10-8E7BA1B15922}
		{94E24CD8-93F5-3DE1-BCFA-E2BD07701FEC} = {94E24CD8-93F5-3DE1-BCFA-E2BD07701FEC}
		{610E1BCA-2363-3AA3-BF3C-A73B5DBF9623} = {610E1BCA-2363-3AA3-BF3C-A73B5DBF9623}
		{A95BD381-C9C5-37CF-8DC9-39D2A6C7ADB2} = {A95BD381-C9C5-37CF-8DC9-39D2A6C7ADB2}
		{0436F427-00AD-37D3-9908-26038A872E45} = {0436F427-00AD-37D3-9908-26038A872E45}
		{68D26DD5-0143-32B2-BF57-6461E52084EC} = {68D26DD5-0143-32B2-BF57-6461E52084EC}
		{F553ECE0-AD23-3927-9841-E97D4BEB6E36} = {F553ECE0-AD23-3927-9841-E97D4BEB6E36}
		{F0F5CB4F-9946-3406-ACC8-1C782B001C60} = {F0F5CB4F-9946-3406-ACC8-1C782B001C60}
		{C26574CA-BB53-3703-B56D-E4C560223124} = {C26574CA-BB53-3703-B56D-E4C560223124}
		{B23D1EB2-4000-35BA-AEF1-6ACE2D142AF6} = {B23D1EB2-4000-35BA-AEF1-6ACE2D142AF6}
		{0923B723-148A-38CA-9263-1828F0394E24} = {0923B723-148A-38CA-9263-1828F0394E24}
		{C89AA7AB-2C0E-37D5-84D2-F74D8776008A} = {C89AA7AB-2C0E-37D5-84D2-F74D8776008A}
		{E6743AE0-348B-3B2B-8FC0-A9F5FD291321} = {E6743AE0-348B-3B2B-8FC0-A9F5FD291321}
		{BCEACA0A-48A3-3655-9AFA-0B4C4C9DE7EC} = {BCEACA0A-48A3-3655-9AFA-0B4C4C9DE7EC}
		{4365BFC2-82CC-3011-99D9-5179DB6E5227} = {4365BFC2-82CC-3011-99D9-5179DB6E5227}
		{F7124207-3EAE-3B0D-8321-75CAA29476D3} = {F7124207-3EAE-3B0D-8321-75CAA29476D3}
	EndProjectSection
EndProject
Project("{8BC9CEB8-8B4A-11D0-8D11-00A0C91BC942}") = "INSTALL", "INSTALL.vcxproj", "{3625062D-4CA1-3599-8C6D-A37414F6BE89}"
	ProjectSection(ProjectDependencies) = postProject
		{238BAD56-9BCB-34DE-B128-7E994503267E} = {238BAD56-9BCB-34DE-B128-7E994503267E}
		{B274F1C6-695E-3620-882E-E7783C303D42} = {B274F1C6-695E-3620-882E-E7783C303D42}
	EndProjectSection
EndProject
Project("{8BC9CEB8-8B4A-11D0-8D11-00A0C91BC942}") = "RUN_TESTS", "RUN_TESTS.vcxproj", "{F6CA1F8A-1016-3268-A56F-0E9F35E33FEE}"
	ProjectSection(ProjectDependencies) = postProject
		{B274F1C6-695E-3620-882E-E7783C303D42} = {B274F1C6-695E-3620-882E-E7783C303D42}
	EndProjectSection
EndProject
Project("{8BC9CEB8-8B4A-11D0-8D11-00A0C91BC942}") = "ZERO_CHECK", "ZERO_CHECK.vcxproj", "{B274F1C6-695E-3620-882E-E7783C303D42}"
	ProjectSection(ProjectDependencies) = postProject
	EndProjectSection
EndProject
Project("{8BC9CEB8-8B4A-11D0-8D11-00A0C91BC942}") = "addtiffo", "contrib\addtiffo\addtiffo.vcxproj", "{A71388D4-86B3-3667-A073-EF8CEE9280E3}"
	ProjectSection(ProjectDependencies) = postProject
		{B274F1C6-695E-3620-882E-E7783C303D42} = {B274F1C6-695E-3620-882E-E7783C303D42}
		{43F9E41B-BA21-31D8-93AC-DF2B10D6C95B} = {43F9E41B-BA21-31D8-93AC-DF2B10D6C95B}
		{A7932CF9-97D9-3053-A781-4D5AC1E72EFC} = {A7932CF9-97D9-3053-A781-4D5AC1E72EFC}
	EndProjectSection
EndProject
Project("{8BC9CEB8-8B4A-11D0-8D11-00A0C91BC942}") = "ascii_tag", "test\ascii_tag.vcxproj", "{D52DC136-8547-3C19-A2CC-CFC5BC8E1BB9}"
	ProjectSection(ProjectDependencies) = postProject
		{B274F1C6-695E-3620-882E-E7783C303D42} = {B274F1C6-695E-3620-882E-E7783C303D42}
		{43F9E41B-BA21-31D8-93AC-DF2B10D6C95B} = {43F9E41B-BA21-31D8-93AC-DF2B10D6C95B}
		{A7932CF9-97D9-3053-A781-4D5AC1E72EFC} = {A7932CF9-97D9-3053-A781-4D5AC1E72EFC}
	EndProjectSection
EndProject
Project("{8BC9CEB8-8B4A-11D0-8D11-00A0C91BC942}") = "bmp2tiff", "tools\bmp2tiff.vcxproj", "{D7CFE4CB-9C28-3AB8-88D0-AE29E693E7EA}"
	ProjectSection(ProjectDependencies) = postProject
		{B274F1C6-695E-3620-882E-E7783C303D42} = {B274F1C6-695E-3620-882E-E7783C303D42}
		{43F9E41B-BA21-31D8-93AC-DF2B10D6C95B} = {43F9E41B-BA21-31D8-93AC-DF2B10D6C95B}
		{A7932CF9-97D9-3053-A781-4D5AC1E72EFC} = {A7932CF9-97D9-3053-A781-4D5AC1E72EFC}
	EndProjectSection
EndProject
Project("{8BC9CEB8-8B4A-11D0-8D11-00A0C91BC942}") = "custom_dir", "test\custom_dir.vcxproj", "{C7BAC791-D473-3569-B384-FE1CBEAC9EDC}"
	ProjectSection(ProjectDependencies) = postProject
		{B274F1C6-695E-3620-882E-E7783C303D42} = {B274F1C6-695E-3620-882E-E7783C303D42}
		{43F9E41B-BA21-31D8-93AC-DF2B10D6C95B} = {43F9E41B-BA21-31D8-93AC-DF2B10D6C95B}
		{A7932CF9-97D9-3053-A781-4D5AC1E72EFC} = {A7932CF9-97D9-3053-A781-4D5AC1E72EFC}
	EndProjectSection
EndProject
Project("{8BC9CEB8-8B4A-11D0-8D11-00A0C91BC942}") = "fax2ps", "tools\fax2ps.vcxproj", "{DF5124BB-FC54-3E1A-B79E-A0808B3CF932}"
	ProjectSection(ProjectDependencies) = postProject
		{B274F1C6-695E-3620-882E-E7783C303D42} = {B274F1C6-695E-3620-882E-E7783C303D42}
		{43F9E41B-BA21-31D8-93AC-DF2B10D6C95B} = {43F9E41B-BA21-31D8-93AC-DF2B10D6C95B}
		{A7932CF9-97D9-3053-A781-4D5AC1E72EFC} = {A7932CF9-97D9-3053-A781-4D5AC1E72EFC}
	EndProjectSection
EndProject
Project("{8BC9CEB8-8B4A-11D0-8D11-00A0C91BC942}") = "fax2tiff", "tools\fax2tiff.vcxproj", "{F52FD00E-F8B4-3B81-A90A-1B1605DBAF5C}"
	ProjectSection(ProjectDependencies) = postProject
		{B274F1C6-695E-3620-882E-E7783C303D42} = {B274F1C6-695E-3620-882E-E7783C303D42}
		{43F9E41B-BA21-31D8-93AC-DF2B10D6C95B} = {43F9E41B-BA21-31D8-93AC-DF2B10D6C95B}
		{A7932CF9-97D9-3053-A781-4D5AC1E72EFC} = {A7932CF9-97D9-3053-A781-4D5AC1E72EFC}
	EndProjectSection
EndProject
Project("{8BC9CEB8-8B4A-11D0-8D11-00A0C91BC942}") = "gif2tiff", "tools\gif2tiff.vcxproj", "{9D585825-0327-3D8F-9430-13751505589D}"
	ProjectSection(ProjectDependencies) = postProject
		{B274F1C6-695E-3620-882E-E7783C303D42} = {B274F1C6-695E-3620-882E-E7783C303D42}
		{43F9E41B-BA21-31D8-93AC-DF2B10D6C95B} = {43F9E41B-BA21-31D8-93AC-DF2B10D6C95B}
		{A7932CF9-97D9-3053-A781-4D5AC1E72EFC} = {A7932CF9-97D9-3053-A781-4D5AC1E72EFC}
	EndProjectSection
EndProject
Project("{8BC9CEB8-8B4A-11D0-8D11-00A0C91BC942}") = "htmldoc", "html\man\htmldoc.vcxproj", "{E934D2DB-77CF-38C9-8374-15C4AAA2675F}"
	ProjectSection(ProjectDependencies) = postProject
		{B274F1C6-695E-3620-882E-E7783C303D42} = {B274F1C6-695E-3620-882E-E7783C303D42}
	EndProjectSection
EndProject
Project("{8BC9CEB8-8B4A-11D0-8D11-00A0C91BC942}") = "iptcutil", "contrib\iptcutil\iptcutil.vcxproj", "{F5238A1C-BE91-353C-AC8A-B11083A1AF91}"
	ProjectSection(ProjectDependencies) = postProject
		{B274F1C6-695E-3620-882E-E7783C303D42} = {B274F1C6-695E-3620-882E-E7783C303D42}
		{43F9E41B-BA21-31D8-93AC-DF2B10D6C95B} = {43F9E41B-BA21-31D8-93AC-DF2B10D6C95B}
		{A7932CF9-97D9-3053-A781-4D5AC1E72EFC} = {A7932CF9-97D9-3053-A781-4D5AC1E72EFC}
	EndProjectSection
EndProject
Project("{8BC9CEB8-8B4A-11D0-8D11-00A0C91BC942}") = "long_tag", "test\long_tag.vcxproj", "{6519F1B6-1A62-3B17-A123-92DB285D38A9}"
	ProjectSection(ProjectDependencies) = postProject
		{B274F1C6-695E-3620-882E-E7783C303D42} = {B274F1C6-695E-3620-882E-E7783C303D42}
		{43F9E41B-BA21-31D8-93AC-DF2B10D6C95B} = {43F9E41B-BA21-31D8-93AC-DF2B10D6C95B}
		{A7932CF9-97D9-3053-A781-4D5AC1E72EFC} = {A7932CF9-97D9-3053-A781-4D5AC1E72EFC}
	EndProjectSection
EndProject
Project("{8BC9CEB8-8B4A-11D0-8D11-00A0C91BC942}") = "pal2rgb", "tools\pal2rgb.vcxproj", "{55DC7095-B006-367C-84CE-A6DA07D685B2}"
	ProjectSection(ProjectDependencies) = postProject
		{B274F1C6-695E-3620-882E-E7783C303D42} = {B274F1C6-695E-3620-882E-E7783C303D42}
		{43F9E41B-BA21-31D8-93AC-DF2B10D6C95B} = {43F9E41B-BA21-31D8-93AC-DF2B10D6C95B}
		{A7932CF9-97D9-3053-A781-4D5AC1E72EFC} = {A7932CF9-97D9-3053-A781-4D5AC1E72EFC}
	EndProjectSection
EndProject
Project("{8BC9CEB8-8B4A-11D0-8D11-00A0C91BC942}") = "port", "port\port.vcxproj", "{43F9E41B-BA21-31D8-93AC-DF2B10D6C95B}"
	ProjectSection(ProjectDependencies) = postProject
		{B274F1C6-695E-3620-882E-E7783C303D42} = {B274F1C6-695E-3620-882E-E7783C303D42}
	EndProjectSection
EndProject
Project("{8BC9CEB8-8B4A-11D0-8D11-00A0C91BC942}") = "ppm2tiff", "tools\ppm2tiff.vcxproj", "{D56C2ACB-C53F-3D3C-8A4F-AB5E9FB1198F}"
	ProjectSection(ProjectDependencies) = postProject
		{B274F1C6-695E-3620-882E-E7783C303D42} = {B274F1C6-695E-3620-882E-E7783C303D42}
		{43F9E41B-BA21-31D8-93AC-DF2B10D6C95B} = {43F9E41B-BA21-31D8-93AC-DF2B10D6C95B}
		{A7932CF9-97D9-3053-A781-4D5AC1E72EFC} = {A7932CF9-97D9-3053-A781-4D5AC1E72EFC}
	EndProjectSection
EndProject
Project("{8BC9CEB8-8B4A-11D0-8D11-00A0C91BC942}") = "ras2tiff", "tools\ras2tiff.vcxproj", "{31C119E4-B758-3EB7-BA21-491BBE3AD1B9}"
	ProjectSection(ProjectDependencies) = postProject
		{B274F1C6-695E-3620-882E-E7783C303D42} = {B274F1C6-695E-3620-882E-E7783C303D42}
		{43F9E41B-BA21-31D8-93AC-DF2B10D6C95B} = {43F9E41B-BA21-31D8-93AC-DF2B10D6C95B}
		{A7932CF9-97D9-3053-A781-4D5AC1E72EFC} = {A7932CF9-97D9-3053-A781-4D5AC1E72EFC}
	EndProjectSection
EndProject
Project("{8BC9CEB8-8B4A-11D0-8D11-00A0C91BC942}") = "raw2tiff", "tools\raw2tiff.vcxproj", "{9360DB2B-630B-366E-AE05-70E500E5873A}"
	ProjectSection(ProjectDependencies) = postProject
		{B274F1C6-695E-3620-882E-E7783C303D42} = {B274F1C6-695E-3620-882E-E7783C303D42}
		{43F9E41B-BA21-31D8-93AC-DF2B10D6C95B} = {43F9E41B-BA21-31D8-93AC-DF2B10D6C95B}
		{A7932CF9-97D9-3053-A781-4D5AC1E72EFC} = {A7932CF9-97D9-3053-A781-4D5AC1E72EFC}
	EndProjectSection
EndProject
Project("{8BC9CEB8-8B4A-11D0-8D11-00A0C91BC942}") = "rewrite", "test\rewrite.vcxproj", "{BD9D08EE-321D-369D-91BF-5EA092DD8E3B}"
	ProjectSection(ProjectDependencies) = postProject
		{B274F1C6-695E-3620-882E-E7783C303D42} = {B274F1C6-695E-3620-882E-E7783C303D42}
		{43F9E41B-BA21-31D8-93AC-DF2B10D6C95B} = {43F9E41B-BA21-31D8-93AC-DF2B10D6C95B}
		{A7932CF9-97D9-3053-A781-4D5AC1E72EFC} = {A7932CF9-97D9-3053-A781-4D5AC1E72EFC}
	EndProjectSection
EndProject
Project("{8BC9CEB8-8B4A-11D0-8D11-00A0C91BC942}") = "rgb2ycbcr", "tools\rgb2ycbcr.vcxproj", "{2690D410-7CBC-3F10-B335-B681DD26B0D7}"
	ProjectSection(ProjectDependencies) = postProject
		{B274F1C6-695E-3620-882E-E7783C303D42} = {B274F1C6-695E-3620-882E-E7783C303D42}
		{43F9E41B-BA21-31D8-93AC-DF2B10D6C95B} = {43F9E41B-BA21-31D8-93AC-DF2B10D6C95B}
		{A7932CF9-97D9-3053-A781-4D5AC1E72EFC} = {A7932CF9-97D9-3053-A781-4D5AC1E72EFC}
	EndProjectSection
EndProject
Project("{8BC9CEB8-8B4A-11D0-8D11-00A0C91BC942}") = "short_tag", "test\short_tag.vcxproj", "{49CA9597-9175-3972-A273-12EBB7F004FB}"
	ProjectSection(ProjectDependencies) = postProject
		{B274F1C6-695E-3620-882E-E7783C303D42} = {B274F1C6-695E-3620-882E-E7783C303D42}
		{43F9E41B-BA21-31D8-93AC-DF2B10D6C95B} = {43F9E41B-BA21-31D8-93AC-DF2B10D6C95B}
		{A7932CF9-97D9-3053-A781-4D5AC1E72EFC} = {A7932CF9-97D9-3053-A781-4D5AC1E72EFC}
	EndProjectSection
EndProject
Project("{8BC9CEB8-8B4A-11D0-8D11-00A0C91BC942}") = "strip_rw", "test\strip_rw.vcxproj", "{5E7F0587-A92F-3678-B7D1-1BD6F31A17CA}"
	ProjectSection(ProjectDependencies) = postProject
		{B274F1C6-695E-3620-882E-E7783C303D42} = {B274F1C6-695E-3620-882E-E7783C303D42}
		{43F9E41B-BA21-31D8-93AC-DF2B10D6C95B} = {43F9E41B-BA21-31D8-93AC-DF2B10D6C95B}
		{A7932CF9-97D9-3053-A781-4D5AC1E72EFC} = {A7932CF9-97D9-3053-A781-4D5AC1E72EFC}
	EndProjectSection
EndProject
Project("{8BC9CEB8-8B4A-11D0-8D11-00A0C91BC942}") = "thumbnail", "tools\thumbnail.vcxproj", "{862A9AB0-F789-35B5-88A3-6137BC97DBB9}"
	ProjectSection(ProjectDependencies) = postProject
		{B274F1C6-695E-3620-882E-E7783C303D42} = {B274F1C6-695E-3620-882E-E7783C303D42}
		{43F9E41B-BA21-31D8-93AC-DF2B10D6C95B} = {43F9E41B-BA21-31D8-93AC-DF2B10D6C95B}
		{A7932CF9-97D9-3053-A781-4D5AC1E72EFC} = {A7932CF9-97D9-3053-A781-4D5AC1E72EFC}
	EndProjectSection
EndProject
Project("{8BC9CEB8-8B4A-11D0-8D11-00A0C91BC942}") = "tiff", "libtiff\tiff.vcxproj", "{A7932CF9-97D9-3053-A781-4D5AC1E72EFC}"
	ProjectSection(ProjectDependencies) = postProject
		{B274F1C6-695E-3620-882E-E7783C303D42} = {B274F1C6-695E-3620-882E-E7783C303D42}
	EndProjectSection
EndProject
Project("{8BC9CEB8-8B4A-11D0-8D11-00A0C91BC942}") = "tiff-bi", "contrib\dbs\tiff-bi.vcxproj", "{4428F6DD-5532-3145-9652-4305E4FB74F3}"
	ProjectSection(ProjectDependencies) = postProject
		{B274F1C6-695E-3620-882E-E7783C303D42} = {B274F1C6-695E-3620-882E-E7783C303D42}
		{43F9E41B-BA21-31D8-93AC-DF2B10D6C95B} = {43F9E41B-BA21-31D8-93AC-DF2B10D6C95B}
		{A7932CF9-97D9-3053-A781-4D5AC1E72EFC} = {A7932CF9-97D9-3053-A781-4D5AC1E72EFC}
	EndProjectSection
EndProject
Project("{8BC9CEB8-8B4A-11D0-8D11-00A0C91BC942}") = "tiff-grayscale", "contrib\dbs\tiff-grayscale.vcxproj", "{FC07CDE4-1485-3938-BAF0-9E0FB19BA9B5}"
	ProjectSection(ProjectDependencies) = postProject
		{B274F1C6-695E-3620-882E-E7783C303D42} = {B274F1C6-695E-3620-882E-E7783C303D42}
		{43F9E41B-BA21-31D8-93AC-DF2B10D6C95B} = {43F9E41B-BA21-31D8-93AC-DF2B10D6C95B}
		{A7932CF9-97D9-3053-A781-4D5AC1E72EFC} = {A7932CF9-97D9-3053-A781-4D5AC1E72EFC}
	EndProjectSection
EndProject
Project("{8BC9CEB8-8B4A-11D0-8D11-00A0C91BC942}") = "tiff-palette", "contrib\dbs\tiff-palette.vcxproj", "{49B5B0F0-C6F2-363B-BB10-8E7BA1B15922}"
	ProjectSection(ProjectDependencies) = postProject
		{B274F1C6-695E-3620-882E-E7783C303D42} = {B274F1C6-695E-3620-882E-E7783C303D42}
		{43F9E41B-BA21-31D8-93AC-DF2B10D6C95B} = {43F9E41B-BA21-31D8-93AC-DF2B10D6C95B}
		{A7932CF9-97D9-3053-A781-4D5AC1E72EFC} = {A7932CF9-97D9-3053-A781-4D5AC1E72EFC}
	EndProjectSection
EndProject
Project("{8BC9CEB8-8B4A-11D0-8D11-00A0C91BC942}") = "tiff-rgb", "contrib\dbs\tiff-rgb.vcxproj", "{94E24CD8-93F5-3DE1-BCFA-E2BD07701FEC}"
	ProjectSection(ProjectDependencies) = postProject
		{B274F1C6-695E-3620-882E-E7783C303D42} = {B274F1C6-695E-3620-882E-E7783C303D42}
		{43F9E41B-BA21-31D8-93AC-DF2B10D6C95B} = {43F9E41B-BA21-31D8-93AC-DF2B10D6C95B}
		{A7932CF9-97D9-3053-A781-4D5AC1E72EFC} = {A7932CF9-97D9-3053-A781-4D5AC1E72EFC}
	EndProjectSection
EndProject
Project("{8BC9CEB8-8B4A-11D0-8D11-00A0C91BC942}") = "tiff2bw", "tools\tiff2bw.vcxproj", "{610E1BCA-2363-3AA3-BF3C-A73B5DBF9623}"
	ProjectSection(ProjectDependencies) = postProject
		{B274F1C6-695E-3620-882E-E7783C303D42} = {B274F1C6-695E-3620-882E-E7783C303D42}
		{43F9E41B-BA21-31D8-93AC-DF2B10D6C95B} = {43F9E41B-BA21-31D8-93AC-DF2B10D6C95B}
		{A7932CF9-97D9-3053-A781-4D5AC1E72EFC} = {A7932CF9-97D9-3053-A781-4D5AC1E72EFC}
	EndProjectSection
EndProject
Project("{8BC9CEB8-8B4A-11D0-8D11-00A0C91BC942}") = "tiff2pdf", "tools\tiff2pdf.vcxproj", "{A95BD381-C9C5-37CF-8DC9-39D2A6C7ADB2}"
	ProjectSection(ProjectDependencies) = postProject
		{B274F1C6-695E-3620-882E-E7783C303D42} = {B274F1C6-695E-3620-882E-E7783C303D42}
		{43F9E41B-BA21-31D8-93AC-DF2B10D6C95B} = {43F9E41B-BA21-31D8-93AC-DF2B10D6C95B}
		{A7932CF9-97D9-3053-A781-4D5AC1E72EFC} = {A7932CF9-97D9-3053-A781-4D5AC1E72EFC}
	EndProjectSection
EndProject
Project("{8BC9CEB8-8B4A-11D0-8D11-00A0C91BC942}") = "tiff2ps", "tools\tiff2ps.vcxproj", "{0436F427-00AD-37D3-9908-26038A872E45}"
	ProjectSection(ProjectDependencies) = postProject
		{B274F1C6-695E-3620-882E-E7783C303D42} = {B274F1C6-695E-3620-882E-E7783C303D42}
		{43F9E41B-BA21-31D8-93AC-DF2B10D6C95B} = {43F9E41B-BA21-31D8-93AC-DF2B10D6C95B}
		{A7932CF9-97D9-3053-A781-4D5AC1E72EFC} = {A7932CF9-97D9-3053-A781-4D5AC1E72EFC}
	EndProjectSection
EndProject
Project("{8BC9CEB8-8B4A-11D0-8D11-00A0C91BC942}") = "tiff2rgba", "tools\tiff2rgba.vcxproj", "{68D26DD5-0143-32B2-BF57-6461E52084EC}"
	ProjectSection(ProjectDependencies) = postProject
		{B274F1C6-695E-3620-882E-E7783C303D42} = {B274F1C6-695E-3620-882E-E7783C303D42}
		{43F9E41B-BA21-31D8-93AC-DF2B10D6C95B} = {43F9E41B-BA21-31D8-93AC-DF2B10D6C95B}
		{A7932CF9-97D9-3053-A781-4D5AC1E72EFC} = {A7932CF9-97D9-3053-A781-4D5AC1E72EFC}
	EndProjectSection
EndProject
Project("{8BC9CEB8-8B4A-11D0-8D11-00A0C91BC942}") = "tiffcmp", "tools\tiffcmp.vcxproj", "{F553ECE0-AD23-3927-9841-E97D4BEB6E36}"
	ProjectSection(ProjectDependencies) = postProject
		{B274F1C6-695E-3620-882E-E7783C303D42} = {B274F1C6-695E-3620-882E-E7783C303D42}
		{43F9E41B-BA21-31D8-93AC-DF2B10D6C95B} = {43F9E41B-BA21-31D8-93AC-DF2B10D6C95B}
		{A7932CF9-97D9-3053-A781-4D5AC1E72EFC} = {A7932CF9-97D9-3053-A781-4D5AC1E72EFC}
	EndProjectSection
EndProject
Project("{8BC9CEB8-8B4A-11D0-8D11-00A0C91BC942}") = "tiffcp", "tools\tiffcp.vcxproj", "{F0F5CB4F-9946-3406-ACC8-1C782B001C60}"
	ProjectSection(ProjectDependencies) = postProject
		{B274F1C6-695E-3620-882E-E7783C303D42} = {B274F1C6-695E-3620-882E-E7783C303D42}
		{43F9E41B-BA21-31D8-93AC-DF2B10D6C95B} = {43F9E41B-BA21-31D8-93AC-DF2B10D6C95B}
		{A7932CF9-97D9-3053-A781-4D5AC1E72EFC} = {A7932CF9-97D9-3053-A781-4D5AC1E72EFC}
	EndProjectSection
EndProject
Project("{8BC9CEB8-8B4A-11D0-8D11-00A0C91BC942}") = "tiffcrop", "tools\tiffcrop.vcxproj", "{C26574CA-BB53-3703-B56D-E4C560223124}"
	ProjectSection(ProjectDependencies) = postProject
		{B274F1C6-695E-3620-882E-E7783C303D42} = {B274F1C6-695E-3620-882E-E7783C303D42}
		{43F9E41B-BA21-31D8-93AC-DF2B10D6C95B} = {43F9E41B-BA21-31D8-93AC-DF2B10D6C95B}
		{A7932CF9-97D9-3053-A781-4D5AC1E72EFC} = {A7932CF9-97D9-3053-A781-4D5AC1E72EFC}
	EndProjectSection
EndProject
Project("{8BC9CEB8-8B4A-11D0-8D11-00A0C91BC942}") = "tiffdither", "tools\tiffdither.vcxproj", "{B23D1EB2-4000-35BA-AEF1-6ACE2D142AF6}"
	ProjectSection(ProjectDependencies) = postProject
		{B274F1C6-695E-3620-882E-E7783C303D42} = {B274F1C6-695E-3620-882E-E7783C303D42}
		{43F9E41B-BA21-31D8-93AC-DF2B10D6C95B} = {43F9E41B-BA21-31D8-93AC-DF2B10D6C95B}
		{A7932CF9-97D9-3053-A781-4D5AC1E72EFC} = {A7932CF9-97D9-3053-A781-4D5AC1E72EFC}
	EndProjectSection
EndProject
Project("{8BC9CEB8-8B4A-11D0-8D11-00A0C91BC942}") = "tiffdump", "tools\tiffdump.vcxproj", "{0923B723-148A-38CA-9263-1828F0394E24}"
	ProjectSection(ProjectDependencies) = postProject
		{B274F1C6-695E-3620-882E-E7783C303D42} = {B274F1C6-695E-3620-882E-E7783C303D42}
		{43F9E41B-BA21-31D8-93AC-DF2B10D6C95B} = {43F9E41B-BA21-31D8-93AC-DF2B10D6C95B}
		{A7932CF9-97D9-3053-A781-4D5AC1E72EFC} = {A7932CF9-97D9-3053-A781-4D5AC1E72EFC}
	EndProjectSection
EndProject
Project("{8BC9CEB8-8B4A-11D0-8D11-00A0C91BC942}") = "tiffinfo", "tools\tiffinfo.vcxproj", "{C89AA7AB-2C0E-37D5-84D2-F74D8776008A}"
	ProjectSection(ProjectDependencies) = postProject
		{B274F1C6-695E-3620-882E-E7783C303D42} = {B274F1C6-695E-3620-882E-E7783C303D42}
		{43F9E41B-BA21-31D8-93AC-DF2B10D6C95B} = {43F9E41B-BA21-31D8-93AC-DF2B10D6C95B}
		{A7932CF9-97D9-3053-A781-4D5AC1E72EFC} = {A7932CF9-97D9-3053-A781-4D5AC1E72EFC}
	EndProjectSection
EndProject
Project("{8BC9CEB8-8B4A-11D0-8D11-00A0C91BC942}") = "tiffmedian", "tools\tiffmedian.vcxproj", "{E6743AE0-348B-3B2B-8FC0-A9F5FD291321}"
	ProjectSection(ProjectDependencies) = postProject
		{B274F1C6-695E-3620-882E-E7783C303D42} = {B274F1C6-695E-3620-882E-E7783C303D42}
		{43F9E41B-BA21-31D8-93AC-DF2B10D6C95B} = {43F9E41B-BA21-31D8-93AC-DF2B10D6C95B}
		{A7932CF9-97D9-3053-A781-4D5AC1E72EFC} = {A7932CF9-97D9-3053-A781-4D5AC1E72EFC}
	EndProjectSection
EndProject
Project("{8BC9CEB8-8B4A-11D0-8D11-00A0C91BC942}") = "tiffset", "tools\tiffset.vcxproj", "{BCEACA0A-48A3-3655-9AFA-0B4C4C9DE7EC}"
	ProjectSection(ProjectDependencies) = postProject
		{B274F1C6-695E-3620-882E-E7783C303D42} = {B274F1C6-695E-3620-882E-E7783C303D42}
		{43F9E41B-BA21-31D8-93AC-DF2B10D6C95B} = {43F9E41B-BA21-31D8-93AC-DF2B10D6C95B}
		{A7932CF9-97D9-3053-A781-4D5AC1E72EFC} = {A7932CF9-97D9-3053-A781-4D5AC1E72EFC}
	EndProjectSection
EndProject
Project("{8BC9CEB8-8B4A-11D0-8D11-00A0C91BC942}") = "tiffsplit", "tools\tiffsplit.vcxproj", "{4365BFC2-82CC-3011-99D9-5179DB6E5227}"
	ProjectSection(ProjectDependencies) = postProject
		{B274F1C6-695E-3620-882E-E7783C303D42} = {B274F1C6-695E-3620-882E-E7783C303D42}
		{43F9E41B-BA21-31D8-93AC-DF2B10D6C95B} = {43F9E41B-BA21-31D8-93AC-DF2B10D6C95B}
		{A7932CF9-97D9-3053-A781-4D5AC1E72EFC} = {A7932CF9-97D9-3053-A781-4D5AC1E72EFC}
	EndProjectSection
EndProject
Project("{8BC9CEB8-8B4A-11D0-8D11-00A0C91BC942}") = "tiffxx", "libtiff\tiffxx.vcxproj", "{F7124207-3EAE-3B0D-8321-75CAA29476D3}"
	ProjectSection(ProjectDependencies) = postProject
		{B274F1C6-695E-3620-882E-E7783C303D42} = {B274F1C6-695E-3620-882E-E7783C303D42}
		{A7932CF9-97D9-3053-A781-4D5AC1E72EFC} = {A7932CF9-97D9-3053-A781-4D5AC1E72EFC}
	EndProjectSection
EndProject
Global
	GlobalSection(SolutionConfigurationPlatforms) = preSolution
		Debug|x64 = Debug|x64
		Release|x64 = Release|x64
		MinSizeRel|x64 = MinSizeRel|x64
		RelWithDebInfo|x64 = RelWithDebInfo|x64
	EndGlobalSection
	GlobalSection(ProjectConfigurationPlatforms) = postSolution
		{238BAD56-9BCB-34DE-B128-7E994503267E}.Debug|x64.ActiveCfg = Debug|x64
		{238BAD56-9BCB-34DE-B128-7E994503267E}.Debug|x64.Build.0 = Debug|x64
		{238BAD56-9BCB-34DE-B128-7E994503267E}.Release|x64.ActiveCfg = Release|x64
		{238BAD56-9BCB-34DE-B128-7E994503267E}.Release|x64.Build.0 = Release|x64
		{238BAD56-9BCB-34DE-B128-7E994503267E}.MinSizeRel|x64.ActiveCfg = MinSizeRel|x64
		{238BAD56-9BCB-34DE-B128-7E994503267E}.MinSizeRel|x64.Build.0 = MinSizeRel|x64
		{238BAD56-9BCB-34DE-B128-7E994503267E}.RelWithDebInfo|x64.ActiveCfg = RelWithDebInfo|x64
		{238BAD56-9BCB-34DE-B128-7E994503267E}.RelWithDebInfo|x64.Build.0 = RelWithDebInfo|x64
		{3625062D-4CA1-3599-8C6D-A37414F6BE89}.Debug|x64.ActiveCfg = Debug|x64
		{3625062D-4CA1-3599-8C6D-A37414F6BE89}.Release|x64.ActiveCfg = Release|x64
		{3625062D-4CA1-3599-8C6D-A37414F6BE89}.MinSizeRel|x64.ActiveCfg = MinSizeRel|x64
		{3625062D-4CA1-3599-8C6D-A37414F6BE89}.RelWithDebInfo|x64.ActiveCfg = RelWithDebInfo|x64
		{F6CA1F8A-1016-3268-A56F-0E9F35E33FEE}.Debug|x64.ActiveCfg = Debug|x64
		{F6CA1F8A-1016-3268-A56F-0E9F35E33FEE}.Release|x64.ActiveCfg = Release|x64
		{F6CA1F8A-1016-3268-A56F-0E9F35E33FEE}.MinSizeRel|x64.ActiveCfg = MinSizeRel|x64
		{F6CA1F8A-1016-3268-A56F-0E9F35E33FEE}.RelWithDebInfo|x64.ActiveCfg = RelWithDebInfo|x64
		{B274F1C6-695E-3620-882E-E7783C303D42}.Debug|x64.ActiveCfg = Debug|x64
		{B274F1C6-695E-3620-882E-E7783C303D42}.Debug|x64.Build.0 = Debug|x64
		{B274F1C6-695E-3620-882E-E7783C303D42}.Release|x64.ActiveCfg = Release|x64
		{B274F1C6-695E-3620-882E-E7783C303D42}.Release|x64.Build.0 = Release|x64
		{B274F1C6-695E-3620-882E-E7783C303D42}.MinSizeRel|x64.ActiveCfg = MinSizeRel|x64
		{B274F1C6-695E-3620-882E-E7783C303D42}.MinSizeRel|x64.Build.0 = MinSizeRel|x64
		{B274F1C6-695E-3620-882E-E7783C303D42}.RelWithDebInfo|x64.ActiveCfg = RelWithDebInfo|x64
		{B274F1C6-695E-3620-882E-E7783C303D42}.RelWithDebInfo|x64.Build.0 = RelWithDebInfo|x64
		{A71388D4-86B3-3667-A073-EF8CEE9280E3}.Debug|x64.ActiveCfg = Debug|x64
		{A71388D4-86B3-3667-A073-EF8CEE9280E3}.Debug|x64.Build.0 = Debug|x64
		{A71388D4-86B3-3667-A073-EF8CEE9280E3}.Release|x64.ActiveCfg = Release|x64
		{A71388D4-86B3-3667-A073-EF8CEE9280E3}.Release|x64.Build.0 = Release|x64
		{A71388D4-86B3-3667-A073-EF8CEE9280E3}.MinSizeRel|x64.ActiveCfg = MinSizeRel|x64
		{A71388D4-86B3-3667-A073-EF8CEE9280E3}.MinSizeRel|x64.Build.0 = MinSizeRel|x64
		{A71388D4-86B3-3667-A073-EF8CEE9280E3}.RelWithDebInfo|x64.ActiveCfg = RelWithDebInfo|x64
		{A71388D4-86B3-3667-A073-EF8CEE9280E3}.RelWithDebInfo|x64.Build.0 = RelWithDebInfo|x64
		{D52DC136-8547-3C19-A2CC-CFC5BC8E1BB9}.Debug|x64.ActiveCfg = Debug|x64
		{D52DC136-8547-3C19-A2CC-CFC5BC8E1BB9}.Debug|x64.Build.0 = Debug|x64
		{D52DC136-8547-3C19-A2CC-CFC5BC8E1BB9}.Release|x64.ActiveCfg = Release|x64
		{D52DC136-8547-3C19-A2CC-CFC5BC8E1BB9}.Release|x64.Build.0 = Release|x64
		{D52DC136-8547-3C19-A2CC-CFC5BC8E1BB9}.MinSizeRel|x64.ActiveCfg = MinSizeRel|x64
		{D52DC136-8547-3C19-A2CC-CFC5BC8E1BB9}.MinSizeRel|x64.Build.0 = MinSizeRel|x64
		{D52DC136-8547-3C19-A2CC-CFC5BC8E1BB9}.RelWithDebInfo|x64.ActiveCfg = RelWithDebInfo|x64
		{D52DC136-8547-3C19-A2CC-CFC5BC8E1BB9}.RelWithDebInfo|x64.Build.0 = RelWithDebInfo|x64
		{D7CFE4CB-9C28-3AB8-88D0-AE29E693E7EA}.Debug|x64.ActiveCfg = Debug|x64
		{D7CFE4CB-9C28-3AB8-88D0-AE29E693E7EA}.Debug|x64.Build.0 = Debug|x64
		{D7CFE4CB-9C28-3AB8-88D0-AE29E693E7EA}.Release|x64.ActiveCfg = Release|x64
		{D7CFE4CB-9C28-3AB8-88D0-AE29E693E7EA}.Release|x64.Build.0 = Release|x64
		{D7CFE4CB-9C28-3AB8-88D0-AE29E693E7EA}.MinSizeRel|x64.ActiveCfg = MinSizeRel|x64
		{D7CFE4CB-9C28-3AB8-88D0-AE29E693E7EA}.MinSizeRel|x64.Build.0 = MinSizeRel|x64
		{D7CFE4CB-9C28-3AB8-88D0-AE29E693E7EA}.RelWithDebInfo|x64.ActiveCfg = RelWithDebInfo|x64
		{D7CFE4CB-9C28-3AB8-88D0-AE29E693E7EA}.RelWithDebInfo|x64.Build.0 = RelWithDebInfo|x64
		{C7BAC791-D473-3569-B384-FE1CBEAC9EDC}.Debug|x64.ActiveCfg = Debug|x64
		{C7BAC791-D473-3569-B384-FE1CBEAC9EDC}.Debug|x64.Build.0 = Debug|x64
		{C7BAC791-D473-3569-B384-FE1CBEAC9EDC}.Release|x64.ActiveCfg = Release|x64
		{C7BAC791-D473-3569-B384-FE1CBEAC9EDC}.Release|x64.Build.0 = Release|x64
		{C7BAC791-D473-3569-B384-FE1CBEAC9EDC}.MinSizeRel|x64.ActiveCfg = MinSizeRel|x64
		{C7BAC791-D473-3569-B384-FE1CBEAC9EDC}.MinSizeRel|x64.Build.0 = MinSizeRel|x64
		{C7BAC791-D473-3569-B384-FE1CBEAC9EDC}.RelWithDebInfo|x64.ActiveCfg = RelWithDebInfo|x64
		{C7BAC791-D473-3569-B384-FE1CBEAC9EDC}.RelWithDebInfo|x64.Build.0 = RelWithDebInfo|x64
		{DF5124BB-FC54-3E1A-B79E-A0808B3CF932}.Debug|x64.ActiveCfg = Debug|x64
		{DF5124BB-FC54-3E1A-B79E-A0808B3CF932}.Debug|x64.Build.0 = Debug|x64
		{DF5124BB-FC54-3E1A-B79E-A0808B3CF932}.Release|x64.ActiveCfg = Release|x64
		{DF5124BB-FC54-3E1A-B79E-A0808B3CF932}.Release|x64.Build.0 = Release|x64
		{DF5124BB-FC54-3E1A-B79E-A0808B3CF932}.MinSizeRel|x64.ActiveCfg = MinSizeRel|x64
		{DF5124BB-FC54-3E1A-B79E-A0808B3CF932}.MinSizeRel|x64.Build.0 = MinSizeRel|x64
		{DF5124BB-FC54-3E1A-B79E-A0808B3CF932}.RelWithDebInfo|x64.ActiveCfg = RelWithDebInfo|x64
		{DF5124BB-FC54-3E1A-B79E-A0808B3CF932}.RelWithDebInfo|x64.Build.0 = RelWithDebInfo|x64
		{F52FD00E-F8B4-3B81-A90A-1B1605DBAF5C}.Debug|x64.ActiveCfg = Debug|x64
		{F52FD00E-F8B4-3B81-A90A-1B1605DBAF5C}.Debug|x64.Build.0 = Debug|x64
		{F52FD00E-F8B4-3B81-A90A-1B1605DBAF5C}.Release|x64.ActiveCfg = Release|x64
		{F52FD00E-F8B4-3B81-A90A-1B1605DBAF5C}.Release|x64.Build.0 = Release|x64
		{F52FD00E-F8B4-3B81-A90A-1B1605DBAF5C}.MinSizeRel|x64.ActiveCfg = MinSizeRel|x64
		{F52FD00E-F8B4-3B81-A90A-1B1605DBAF5C}.MinSizeRel|x64.Build.0 = MinSizeRel|x64
		{F52FD00E-F8B4-3B81-A90A-1B1605DBAF5C}.RelWithDebInfo|x64.ActiveCfg = RelWithDebInfo|x64
		{F52FD00E-F8B4-3B81-A90A-1B1605DBAF5C}.RelWithDebInfo|x64.Build.0 = RelWithDebInfo|x64
		{9D585825-0327-3D8F-9430-13751505589D}.Debug|x64.ActiveCfg = Debug|x64
		{9D585825-0327-3D8F-9430-13751505589D}.Debug|x64.Build.0 = Debug|x64
		{9D585825-0327-3D8F-9430-13751505589D}.Release|x64.ActiveCfg = Release|x64
		{9D585825-0327-3D8F-9430-13751505589D}.Release|x64.Build.0 = Release|x64
		{9D585825-0327-3D8F-9430-13751505589D}.MinSizeRel|x64.ActiveCfg = MinSizeRel|x64
		{9D585825-0327-3D8F-9430-13751505589D}.MinSizeRel|x64.Build.0 = MinSizeRel|x64
		{9D585825-0327-3D8F-9430-13751505589D}.RelWithDebInfo|x64.ActiveCfg = RelWithDebInfo|x64
		{9D585825-0327-3D8F-9430-13751505589D}.RelWithDebInfo|x64.Build.0 = RelWithDebInfo|x64
		{E934D2DB-77CF-38C9-8374-15C4AAA2675F}.Debug|x64.ActiveCfg = Debug|x64
		{E934D2DB-77CF-38C9-8374-15C4AAA2675F}.Release|x64.ActiveCfg = Release|x64
		{E934D2DB-77CF-38C9-8374-15C4AAA2675F}.MinSizeRel|x64.ActiveCfg = MinSizeRel|x64
		{E934D2DB-77CF-38C9-8374-15C4AAA2675F}.RelWithDebInfo|x64.ActiveCfg = RelWithDebInfo|x64
		{F5238A1C-BE91-353C-AC8A-B11083A1AF91}.Debug|x64.ActiveCfg = Debug|x64
		{F5238A1C-BE91-353C-AC8A-B11083A1AF91}.Debug|x64.Build.0 = Debug|x64
		{F5238A1C-BE91-353C-AC8A-B11083A1AF91}.Release|x64.ActiveCfg = Release|x64
		{F5238A1C-BE91-353C-AC8A-B11083A1AF91}.Release|x64.Build.0 = Release|x64
		{F5238A1C-BE91-353C-AC8A-B11083A1AF91}.MinSizeRel|x64.ActiveCfg = MinSizeRel|x64
		{F5238A1C-BE91-353C-AC8A-B11083A1AF91}.MinSizeRel|x64.Build.0 = MinSizeRel|x64
		{F5238A1C-BE91-353C-AC8A-B11083A1AF91}.RelWithDebInfo|x64.ActiveCfg = RelWithDebInfo|x64
		{F5238A1C-BE91-353C-AC8A-B11083A1AF91}.RelWithDebInfo|x64.Build.0 = RelWithDebInfo|x64
		{6519F1B6-1A62-3B17-A123-92DB285D38A9}.Debug|x64.ActiveCfg = Debug|x64
		{6519F1B6-1A62-3B17-A123-92DB285D38A9}.Debug|x64.Build.0 = Debug|x64
		{6519F1B6-1A62-3B17-A123-92DB285D38A9}.Release|x64.ActiveCfg = Release|x64
		{6519F1B6-1A62-3B17-A123-92DB285D38A9}.Release|x64.Build.0 = Release|x64
		{6519F1B6-1A62-3B17-A123-92DB285D38A9}.MinSizeRel|x64.ActiveCfg = MinSizeRel|x64
		{6519F1B6-1A62-3B17-A123-92DB285D38A9}.MinSizeRel|x64.Build.0 = MinSizeRel|x64
		{6519F1B6-1A62-3B17-A123-92DB285D38A9}.RelWithDebInfo|x64.ActiveCfg = RelWithDebInfo|x64
		{6519F1B6-1A62-3B17-A123-92DB285D38A9}.RelWithDebInfo|x64.Build.0 = RelWithDebInfo|x64
		{55DC7095-B006-367C-84CE-A6DA07D685B2}.Debug|x64.ActiveCfg = Debug|x64
		{55DC7095-B006-367C-84CE-A6DA07D685B2}.Debug|x64.Build.0 = Debug|x64
		{55DC7095-B006-367C-84CE-A6DA07D685B2}.Release|x64.ActiveCfg = Release|x64
		{55DC7095-B006-367C-84CE-A6DA07D685B2}.Release|x64.Build.0 = Release|x64
		{55DC7095-B006-367C-84CE-A6DA07D685B2}.MinSizeRel|x64.ActiveCfg = MinSizeRel|x64
		{55DC7095-B006-367C-84CE-A6DA07D685B2}.MinSizeRel|x64.Build.0 = MinSizeRel|x64
		{55DC7095-B006-367C-84CE-A6DA07D685B2}.RelWithDebInfo|x64.ActiveCfg = RelWithDebInfo|x64
		{55DC7095-B006-367C-84CE-A6DA07D685B2}.RelWithDebInfo|x64.Build.0 = RelWithDebInfo|x64
		{43F9E41B-BA21-31D8-93AC-DF2B10D6C95B}.Debug|x64.ActiveCfg = Debug|x64
		{43F9E41B-BA21-31D8-93AC-DF2B10D6C95B}.Debug|x64.Build.0 = Debug|x64
		{43F9E41B-BA21-31D8-93AC-DF2B10D6C95B}.Release|x64.ActiveCfg = Release|x64
		{43F9E41B-BA21-31D8-93AC-DF2B10D6C95B}.Release|x64.Build.0 = Release|x64
		{43F9E41B-BA21-31D8-93AC-DF2B10D6C95B}.MinSizeRel|x64.ActiveCfg = MinSizeRel|x64
		{43F9E41B-BA21-31D8-93AC-DF2B10D6C95B}.MinSizeRel|x64.Build.0 = MinSizeRel|x64
		{43F9E41B-BA21-31D8-93AC-DF2B10D6C95B}.RelWithDebInfo|x64.ActiveCfg = RelWithDebInfo|x64
		{43F9E41B-BA21-31D8-93AC-DF2B10D6C95B}.RelWithDebInfo|x64.Build.0 = RelWithDebInfo|x64
		{D56C2ACB-C53F-3D3C-8A4F-AB5E9FB1198F}.Debug|x64.ActiveCfg = Debug|x64
		{D56C2ACB-C53F-3D3C-8A4F-AB5E9FB1198F}.Debug|x64.Build.0 = Debug|x64
		{D56C2ACB-C53F-3D3C-8A4F-AB5E9FB1198F}.Release|x64.ActiveCfg = Release|x64
		{D56C2ACB-C53F-3D3C-8A4F-AB5E9FB1198F}.Release|x64.Build.0 = Release|x64
		{D56C2ACB-C53F-3D3C-8A4F-AB5E9FB1198F}.MinSizeRel|x64.ActiveCfg = MinSizeRel|x64
		{D56C2ACB-C53F-3D3C-8A4F-AB5E9FB1198F}.MinSizeRel|x64.Build.0 = MinSizeRel|x64
		{D56C2ACB-C53F-3D3C-8A4F-AB5E9FB1198F}.RelWithDebInfo|x64.ActiveCfg = RelWithDebInfo|x64
		{D56C2ACB-C53F-3D3C-8A4F-AB5E9FB1198F}.RelWithDebInfo|x64.Build.0 = RelWithDebInfo|x64
		{31C119E4-B758-3EB7-BA21-491BBE3AD1B9}.Debug|x64.ActiveCfg = Debug|x64
		{31C119E4-B758-3EB7-BA21-491BBE3AD1B9}.Debug|x64.Build.0 = Debug|x64
		{31C119E4-B758-3EB7-BA21-491BBE3AD1B9}.Release|x64.ActiveCfg = Release|x64
		{31C119E4-B758-3EB7-BA21-491BBE3AD1B9}.Release|x64.Build.0 = Release|x64
		{31C119E4-B758-3EB7-BA21-491BBE3AD1B9}.MinSizeRel|x64.ActiveCfg = MinSizeRel|x64
		{31C119E4-B758-3EB7-BA21-491BBE3AD1B9}.MinSizeRel|x64.Build.0 = MinSizeRel|x64
		{31C119E4-B758-3EB7-BA21-491BBE3AD1B9}.RelWithDebInfo|x64.ActiveCfg = RelWithDebInfo|x64
		{31C119E4-B758-3EB7-BA21-491BBE3AD1B9}.RelWithDebInfo|x64.Build.0 = RelWithDebInfo|x64
		{9360DB2B-630B-366E-AE05-70E500E5873A}.Debug|x64.ActiveCfg = Debug|x64
		{9360DB2B-630B-366E-AE05-70E500E5873A}.Debug|x64.Build.0 = Debug|x64
		{9360DB2B-630B-366E-AE05-70E500E5873A}.Release|x64.ActiveCfg = Release|x64
		{9360DB2B-630B-366E-AE05-70E500E5873A}.Release|x64.Build.0 = Release|x64
		{9360DB2B-630B-366E-AE05-70E500E5873A}.MinSizeRel|x64.ActiveCfg = MinSizeRel|x64
		{9360DB2B-630B-366E-AE05-70E500E5873A}.MinSizeRel|x64.Build.0 = MinSizeRel|x64
		{9360DB2B-630B-366E-AE05-70E500E5873A}.RelWithDebInfo|x64.ActiveCfg = RelWithDebInfo|x64
		{9360DB2B-630B-366E-AE05-70E500E5873A}.RelWithDebInfo|x64.Build.0 = RelWithDebInfo|x64
		{BD9D08EE-321D-369D-91BF-5EA092DD8E3B}.Debug|x64.ActiveCfg = Debug|x64
		{BD9D08EE-321D-369D-91BF-5EA092DD8E3B}.Debug|x64.Build.0 = Debug|x64
		{BD9D08EE-321D-369D-91BF-5EA092DD8E3B}.Release|x64.ActiveCfg = Release|x64
		{BD9D08EE-321D-369D-91BF-5EA092DD8E3B}.Release|x64.Build.0 = Release|x64
		{BD9D08EE-321D-369D-91BF-5EA092DD8E3B}.MinSizeRel|x64.ActiveCfg = MinSizeRel|x64
		{BD9D08EE-321D-369D-91BF-5EA092DD8E3B}.MinSizeRel|x64.Build.0 = MinSizeRel|x64
		{BD9D08EE-321D-369D-91BF-5EA092DD8E3B}.RelWithDebInfo|x64.ActiveCfg = RelWithDebInfo|x64
		{BD9D08EE-321D-369D-91BF-5EA092DD8E3B}.RelWithDebInfo|x64.Build.0 = RelWithDebInfo|x64
		{2690D410-7CBC-3F10-B335-B681DD26B0D7}.Debug|x64.ActiveCfg = Debug|x64
		{2690D410-7CBC-3F10-B335-B681DD26B0D7}.Debug|x64.Build.0 = Debug|x64
		{2690D410-7CBC-3F10-B335-B681DD26B0D7}.Release|x64.ActiveCfg = Release|x64
		{2690D410-7CBC-3F10-B335-B681DD26B0D7}.Release|x64.Build.0 = Release|x64
		{2690D410-7CBC-3F10-B335-B681DD26B0D7}.MinSizeRel|x64.ActiveCfg = MinSizeRel|x64
		{2690D410-7CBC-3F10-B335-B681DD26B0D7}.MinSizeRel|x64.Build.0 = MinSizeRel|x64
		{2690D410-7CBC-3F10-B335-B681DD26B0D7}.RelWithDebInfo|x64.ActiveCfg = RelWithDebInfo|x64
		{2690D410-7CBC-3F10-B335-B681DD26B0D7}.RelWithDebInfo|x64.Build.0 = RelWithDebInfo|x64
		{49CA9597-9175-3972-A273-12EBB7F004FB}.Debug|x64.ActiveCfg = Debug|x64
		{49CA9597-9175-3972-A273-12EBB7F004FB}.Debug|x64.Build.0 = Debug|x64
		{49CA9597-9175-3972-A273-12EBB7F004FB}.Release|x64.ActiveCfg = Release|x64
		{49CA9597-9175-3972-A273-12EBB7F004FB}.Release|x64.Build.0 = Release|x64
		{49CA9597-9175-3972-A273-12EBB7F004FB}.MinSizeRel|x64.ActiveCfg = MinSizeRel|x64
		{49CA9597-9175-3972-A273-12EBB7F004FB}.MinSizeRel|x64.Build.0 = MinSizeRel|x64
		{49CA9597-9175-3972-A273-12EBB7F004FB}.RelWithDebInfo|x64.ActiveCfg = RelWithDebInfo|x64
		{49CA9597-9175-3972-A273-12EBB7F004FB}.RelWithDebInfo|x64.Build.0 = RelWithDebInfo|x64
		{5E7F0587-A92F-3678-B7D1-1BD6F31A17CA}.Debug|x64.ActiveCfg = Debug|x64
		{5E7F0587-A92F-3678-B7D1-1BD6F31A17CA}.Debug|x64.Build.0 = Debug|x64
		{5E7F0587-A92F-3678-B7D1-1BD6F31A17CA}.Release|x64.ActiveCfg = Release|x64
		{5E7F0587-A92F-3678-B7D1-1BD6F31A17CA}.Release|x64.Build.0 = Release|x64
		{5E7F0587-A92F-3678-B7D1-1BD6F31A17CA}.MinSizeRel|x64.ActiveCfg = MinSizeRel|x64
		{5E7F0587-A92F-3678-B7D1-1BD6F31A17CA}.MinSizeRel|x64.Build.0 = MinSizeRel|x64
		{5E7F0587-A92F-3678-B7D1-1BD6F31A17CA}.RelWithDebInfo|x64.ActiveCfg = RelWithDebInfo|x64
		{5E7F0587-A92F-3678-B7D1-1BD6F31A17CA}.RelWithDebInfo|x64.Build.0 = RelWithDebInfo|x64
		{862A9AB0-F789-35B5-88A3-6137BC97DBB9}.Debug|x64.ActiveCfg = Debug|x64
		{862A9AB0-F789-35B5-88A3-6137BC97DBB9}.Debug|x64.Build.0 = Debug|x64
		{862A9AB0-F789-35B5-88A3-6137BC97DBB9}.Release|x64.ActiveCfg = Release|x64
		{862A9AB0-F789-35B5-88A3-6137BC97DBB9}.Release|x64.Build.0 = Release|x64
		{862A9AB0-F789-35B5-88A3-6137BC97DBB9}.MinSizeRel|x64.ActiveCfg = MinSizeRel|x64
		{862A9AB0-F789-35B5-88A3-6137BC97DBB9}.MinSizeRel|x64.Build.0 = MinSizeRel|x64
		{862A9AB0-F789-35B5-88A3-6137BC97DBB9}.RelWithDebInfo|x64.ActiveCfg = RelWithDebInfo|x64
		{862A9AB0-F789-35B5-88A3-6137BC97DBB9}.RelWithDebInfo|x64.Build.0 = RelWithDebInfo|x64
		{A7932CF9-97D9-3053-A781-4D5AC1E72EFC}.Debug|x64.ActiveCfg = Debug|x64
		{A7932CF9-97D9-3053-A781-4D5AC1E72EFC}.Debug|x64.Build.0 = Debug|x64
		{A7932CF9-97D9-3053-A781-4D5AC1E72EFC}.Release|x64.ActiveCfg = Release|x64
		{A7932CF9-97D9-3053-A781-4D5AC1E72EFC}.Release|x64.Build.0 = Release|x64
		{A7932CF9-97D9-3053-A781-4D5AC1E72EFC}.MinSizeRel|x64.ActiveCfg = MinSizeRel|x64
		{A7932CF9-97D9-3053-A781-4D5AC1E72EFC}.MinSizeRel|x64.Build.0 = MinSizeRel|x64
		{A7932CF9-97D9-3053-A781-4D5AC1E72EFC}.RelWithDebInfo|x64.ActiveCfg = RelWithDebInfo|x64
		{A7932CF9-97D9-3053-A781-4D5AC1E72EFC}.RelWithDebInfo|x64.Build.0 = RelWithDebInfo|x64
		{4428F6DD-5532-3145-9652-4305E4FB74F3}.Debug|x64.ActiveCfg = Debug|x64
		{4428F6DD-5532-3145-9652-4305E4FB74F3}.Debug|x64.Build.0 = Debug|x64
		{4428F6DD-5532-3145-9652-4305E4FB74F3}.Release|x64.ActiveCfg = Release|x64
		{4428F6DD-5532-3145-9652-4305E4FB74F3}.Release|x64.Build.0 = Release|x64
		{4428F6DD-5532-3145-9652-4305E4FB74F3}.MinSizeRel|x64.ActiveCfg = MinSizeRel|x64
		{4428F6DD-5532-3145-9652-4305E4FB74F3}.MinSizeRel|x64.Build.0 = MinSizeRel|x64
		{4428F6DD-5532-3145-9652-4305E4FB74F3}.RelWithDebInfo|x64.ActiveCfg = RelWithDebInfo|x64
		{4428F6DD-5532-3145-9652-4305E4FB74F3}.RelWithDebInfo|x64.Build.0 = RelWithDebInfo|x64
		{FC07CDE4-1485-3938-BAF0-9E0FB19BA9B5}.Debug|x64.ActiveCfg = Debug|x64
		{FC07CDE4-1485-3938-BAF0-9E0FB19BA9B5}.Debug|x64.Build.0 = Debug|x64
		{FC07CDE4-1485-3938-BAF0-9E0FB19BA9B5}.Release|x64.ActiveCfg = Release|x64
		{FC07CDE4-1485-3938-BAF0-9E0FB19BA9B5}.Release|x64.Build.0 = Release|x64
		{FC07CDE4-1485-3938-BAF0-9E0FB19BA9B5}.MinSizeRel|x64.ActiveCfg = MinSizeRel|x64
		{FC07CDE4-1485-3938-BAF0-9E0FB19BA9B5}.MinSizeRel|x64.Build.0 = MinSizeRel|x64
		{FC07CDE4-1485-3938-BAF0-9E0FB19BA9B5}.RelWithDebInfo|x64.ActiveCfg = RelWithDebInfo|x64
		{FC07CDE4-1485-3938-BAF0-9E0FB19BA9B5}.RelWithDebInfo|x64.Build.0 = RelWithDebInfo|x64
		{49B5B0F0-C6F2-363B-BB10-8E7BA1B15922}.Debug|x64.ActiveCfg = Debug|x64
		{49B5B0F0-C6F2-363B-BB10-8E7BA1B15922}.Debug|x64.Build.0 = Debug|x64
		{49B5B0F0-C6F2-363B-BB10-8E7BA1B15922}.Release|x64.ActiveCfg = Release|x64
		{49B5B0F0-C6F2-363B-BB10-8E7BA1B15922}.Release|x64.Build.0 = Release|x64
		{49B5B0F0-C6F2-363B-BB10-8E7BA1B15922}.MinSizeRel|x64.ActiveCfg = MinSizeRel|x64
		{49B5B0F0-C6F2-363B-BB10-8E7BA1B15922}.MinSizeRel|x64.Build.0 = MinSizeRel|x64
		{49B5B0F0-C6F2-363B-BB10-8E7BA1B15922}.RelWithDebInfo|x64.ActiveCfg = RelWithDebInfo|x64
		{49B5B0F0-C6F2-363B-BB10-8E7BA1B15922}.RelWithDebInfo|x64.Build.0 = RelWithDebInfo|x64
		{94E24CD8-93F5-3DE1-BCFA-E2BD07701FEC}.Debug|x64.ActiveCfg = Debug|x64
		{94E24CD8-93F5-3DE1-BCFA-E2BD07701FEC}.Debug|x64.Build.0 = Debug|x64
		{94E24CD8-93F5-3DE1-BCFA-E2BD07701FEC}.Release|x64.ActiveCfg = Release|x64
		{94E24CD8-93F5-3DE1-BCFA-E2BD07701FEC}.Release|x64.Build.0 = Release|x64
		{94E24CD8-93F5-3DE1-BCFA-E2BD07701FEC}.MinSizeRel|x64.ActiveCfg = MinSizeRel|x64
		{94E24CD8-93F5-3DE1-BCFA-E2BD07701FEC}.MinSizeRel|x64.Build.0 = MinSizeRel|x64
		{94E24CD8-93F5-3DE1-BCFA-E2BD07701FEC}.RelWithDebInfo|x64.ActiveCfg = RelWithDebInfo|x64
		{94E24CD8-93F5-3DE1-BCFA-E2BD07701FEC}.RelWithDebInfo|x64.Build.0 = RelWithDebInfo|x64
		{610E1BCA-2363-3AA3-BF3C-A73B5DBF9623}.Debug|x64.ActiveCfg = Debug|x64
		{610E1BCA-2363-3AA3-BF3C-A73B5DBF9623}.Debug|x64.Build.0 = Debug|x64
		{610E1BCA-2363-3AA3-BF3C-A73B5DBF9623}.Release|x64.ActiveCfg = Release|x64
		{610E1BCA-2363-3AA3-BF3C-A73B5DBF9623}.Release|x64.Build.0 = Release|x64
		{610E1BCA-2363-3AA3-BF3C-A73B5DBF9623}.MinSizeRel|x64.ActiveCfg = MinSizeRel|x64
		{610E1BCA-2363-3AA3-BF3C-A73B5DBF9623}.MinSizeRel|x64.Build.0 = MinSizeRel|x64
		{610E1BCA-2363-3AA3-BF3C-A73B5DBF9623}.RelWithDebInfo|x64.ActiveCfg = RelWithDebInfo|x64
		{610E1BCA-2363-3AA3-BF3C-A73B5DBF9623}.RelWithDebInfo|x64.Build.0 = RelWithDebInfo|x64
		{A95BD381-C9C5-37CF-8DC9-39D2A6C7ADB2}.Debug|x64.ActiveCfg = Debug|x64
		{A95BD381-C9C5-37CF-8DC9-39D2A6C7ADB2}.Debug|x64.Build.0 = Debug|x64
		{A95BD381-C9C5-37CF-8DC9-39D2A6C7ADB2}.Release|x64.ActiveCfg = Release|x64
		{A95BD381-C9C5-37CF-8DC9-39D2A6C7ADB2}.Release|x64.Build.0 = Release|x64
		{A95BD381-C9C5-37CF-8DC9-39D2A6C7ADB2}.MinSizeRel|x64.ActiveCfg = MinSizeRel|x64
		{A95BD381-C9C5-37CF-8DC9-39D2A6C7ADB2}.MinSizeRel|x64.Build.0 = MinSizeRel|x64
		{A95BD381-C9C5-37CF-8DC9-39D2A6C7ADB2}.RelWithDebInfo|x64.ActiveCfg = RelWithDebInfo|x64
		{A95BD381-C9C5-37CF-8DC9-39D2A6C7ADB2}.RelWithDebInfo|x64.Build.0 = RelWithDebInfo|x64
		{0436F427-00AD-37D3-9908-26038A872E45}.Debug|x64.ActiveCfg = Debug|x64
		{0436F427-00AD-37D3-9908-26038A872E45}.Debug|x64.Build.0 = Debug|x64
		{0436F427-00AD-37D3-9908-26038A872E45}.Release|x64.ActiveCfg = Release|x64
		{0436F427-00AD-37D3-9908-26038A872E45}.Release|x64.Build.0 = Release|x64
		{0436F427-00AD-37D3-9908-26038A872E45}.MinSizeRel|x64.ActiveCfg = MinSizeRel|x64
		{0436F427-00AD-37D3-9908-26038A872E45}.MinSizeRel|x64.Build.0 = MinSizeRel|x64
		{0436F427-00AD-37D3-9908-26038A872E45}.RelWithDebInfo|x64.ActiveCfg = RelWithDebInfo|x64
		{0436F427-00AD-37D3-9908-26038A872E45}.RelWithDebInfo|x64.Build.0 = RelWithDebInfo|x64
		{68D26DD5-0143-32B2-BF57-6461E52084EC}.Debug|x64.ActiveCfg = Debug|x64
		{68D26DD5-0143-32B2-BF57-6461E52084EC}.Debug|x64.Build.0 = Debug|x64
		{68D26DD5-0143-32B2-BF57-6461E52084EC}.Release|x64.ActiveCfg = Release|x64
		{68D26DD5-0143-32B2-BF57-6461E52084EC}.Release|x64.Build.0 = Release|x64
		{68D26DD5-0143-32B2-BF57-6461E52084EC}.MinSizeRel|x64.ActiveCfg = MinSizeRel|x64
		{68D26DD5-0143-32B2-BF57-6461E52084EC}.MinSizeRel|x64.Build.0 = MinSizeRel|x64
		{68D26DD5-0143-32B2-BF57-6461E52084EC}.RelWithDebInfo|x64.ActiveCfg = RelWithDebInfo|x64
		{68D26DD5-0143-32B2-BF57-6461E52084EC}.RelWithDebInfo|x64.Build.0 = RelWithDebInfo|x64
		{F553ECE0-AD23-3927-9841-E97D4BEB6E36}.Debug|x64.ActiveCfg = Debug|x64
		{F553ECE0-AD23-3927-9841-E97D4BEB6E36}.Debug|x64.Build.0 = Debug|x64
		{F553ECE0-AD23-3927-9841-E97D4BEB6E36}.Release|x64.ActiveCfg = Release|x64
		{F553ECE0-AD23-3927-9841-E97D4BEB6E36}.Release|x64.Build.0 = Release|x64
		{F553ECE0-AD23-3927-9841-E97D4BEB6E36}.MinSizeRel|x64.ActiveCfg = MinSizeRel|x64
		{F553ECE0-AD23-3927-9841-E97D4BEB6E36}.MinSizeRel|x64.Build.0 = MinSizeRel|x64
		{F553ECE0-AD23-3927-9841-E97D4BEB6E36}.RelWithDebInfo|x64.ActiveCfg = RelWithDebInfo|x64
		{F553ECE0-AD23-3927-9841-E97D4BEB6E36}.RelWithDebInfo|x64.Build.0 = RelWithDebInfo|x64
		{F0F5CB4F-9946-3406-ACC8-1C782B001C60}.Debug|x64.ActiveCfg = Debug|x64
		{F0F5CB4F-9946-3406-ACC8-1C782B001C60}.Debug|x64.Build.0 = Debug|x64
		{F0F5CB4F-9946-3406-ACC8-1C782B001C60}.Release|x64.ActiveCfg = Release|x64
		{F0F5CB4F-9946-3406-ACC8-1C782B001C60}.Release|x64.Build.0 = Release|x64
		{F0F5CB4F-9946-3406-ACC8-1C782B001C60}.MinSizeRel|x64.ActiveCfg = MinSizeRel|x64
		{F0F5CB4F-9946-3406-ACC8-1C782B001C60}.MinSizeRel|x64.Build.0 = MinSizeRel|x64
		{F0F5CB4F-9946-3406-ACC8-1C782B001C60}.RelWithDebInfo|x64.ActiveCfg = RelWithDebInfo|x64
		{F0F5CB4F-9946-3406-ACC8-1C782B001C60}.RelWithDebInfo|x64.Build.0 = RelWithDebInfo|x64
		{C26574CA-BB53-3703-B56D-E4C560223124}.Debug|x64.ActiveCfg = Debug|x64
		{C26574CA-BB53-3703-B56D-E4C560223124}.Debug|x64.Build.0 = Debug|x64
		{C26574CA-BB53-3703-B56D-E4C560223124}.Release|x64.ActiveCfg = Release|x64
		{C26574CA-BB53-3703-B56D-E4C560223124}.Release|x64.Build.0 = Release|x64
		{C26574CA-BB53-3703-B56D-E4C560223124}.MinSizeRel|x64.ActiveCfg = MinSizeRel|x64
		{C26574CA-BB53-3703-B56D-E4C560223124}.MinSizeRel|x64.Build.0 = MinSizeRel|x64
		{C26574CA-BB53-3703-B56D-E4C560223124}.RelWithDebInfo|x64.ActiveCfg = RelWithDebInfo|x64
		{C26574CA-BB53-3703-B56D-E4C560223124}.RelWithDebInfo|x64.Build.0 = RelWithDebInfo|x64
		{B23D1EB2-4000-35BA-AEF1-6ACE2D142AF6}.Debug|x64.ActiveCfg = Debug|x64
		{B23D1EB2-4000-35BA-AEF1-6ACE2D142AF6}.Debug|x64.Build.0 = Debug|x64
		{B23D1EB2-4000-35BA-AEF1-6ACE2D142AF6}.Release|x64.ActiveCfg = Release|x64
		{B23D1EB2-4000-35BA-AEF1-6ACE2D142AF6}.Release|x64.Build.0 = Release|x64
		{B23D1EB2-4000-35BA-AEF1-6ACE2D142AF6}.MinSizeRel|x64.ActiveCfg = MinSizeRel|x64
		{B23D1EB2-4000-35BA-AEF1-6ACE2D142AF6}.MinSizeRel|x64.Build.0 = MinSizeRel|x64
		{B23D1EB2-4000-35BA-AEF1-6ACE2D142AF6}.RelWithDebInfo|x64.ActiveCfg = RelWithDebInfo|x64
		{B23D1EB2-4000-35BA-AEF1-6ACE2D142AF6}.RelWithDebInfo|x64.Build.0 = RelWithDebInfo|x64
		{0923B723-148A-38CA-9263-1828F0394E24}.Debug|x64.ActiveCfg = Debug|x64
		{0923B723-148A-38CA-9263-1828F0394E24}.Debug|x64.Build.0 = Debug|x64
		{0923B723-148A-38CA-9263-1828F0394E24}.Release|x64.ActiveCfg = Release|x64
		{0923B723-148A-38CA-9263-1828F0394E24}.Release|x64.Build.0 = Release|x64
		{0923B723-148A-38CA-9263-1828F0394E24}.MinSizeRel|x64.ActiveCfg = MinSizeRel|x64
		{0923B723-148A-38CA-9263-1828F0394E24}.MinSizeRel|x64.Build.0 = MinSizeRel|x64
		{0923B723-148A-38CA-9263-1828F0394E24}.RelWithDebInfo|x64.ActiveCfg = RelWithDebInfo|x64
		{0923B723-148A-38CA-9263-1828F0394E24}.RelWithDebInfo|x64.Build.0 = RelWithDebInfo|x64
		{C89AA7AB-2C0E-37D5-84D2-F74D8776008A}.Debug|x64.ActiveCfg = Debug|x64
		{C89AA7AB-2C0E-37D5-84D2-F74D8776008A}.Debug|x64.Build.0 = Debug|x64
		{C89AA7AB-2C0E-37D5-84D2-F74D8776008A}.Release|x64.ActiveCfg = Release|x64
		{C89AA7AB-2C0E-37D5-84D2-F74D8776008A}.Release|x64.Build.0 = Release|x64
		{C89AA7AB-2C0E-37D5-84D2-F74D8776008A}.MinSizeRel|x64.ActiveCfg = MinSizeRel|x64
		{C89AA7AB-2C0E-37D5-84D2-F74D8776008A}.MinSizeRel|x64.Build.0 = MinSizeRel|x64
		{C89AA7AB-2C0E-37D5-84D2-F74D8776008A}.RelWithDebInfo|x64.ActiveCfg = RelWithDebInfo|x64
		{C89AA7AB-2C0E-37D5-84D2-F74D8776008A}.RelWithDebInfo|x64.Build.0 = RelWithDebInfo|x64
		{E6743AE0-348B-3B2B-8FC0-A9F5FD291321}.Debug|x64.ActiveCfg = Debug|x64
		{E6743AE0-348B-3B2B-8FC0-A9F5FD291321}.Debug|x64.Build.0 = Debug|x64
		{E6743AE0-348B-3B2B-8FC0-A9F5FD291321}.Release|x64.ActiveCfg = Release|x64
		{E6743AE0-348B-3B2B-8FC0-A9F5FD291321}.Release|x64.Build.0 = Release|x64
		{E6743AE0-348B-3B2B-8FC0-A9F5FD291321}.MinSizeRel|x64.ActiveCfg = MinSizeRel|x64
		{E6743AE0-348B-3B2B-8FC0-A9F5FD291321}.MinSizeRel|x64.Build.0 = MinSizeRel|x64
		{E6743AE0-348B-3B2B-8FC0-A9F5FD291321}.RelWithDebInfo|x64.ActiveCfg = RelWithDebInfo|x64
		{E6743AE0-348B-3B2B-8FC0-A9F5FD291321}.RelWithDebInfo|x64.Build.0 = RelWithDebInfo|x64
		{BCEACA0A-48A3-3655-9AFA-0B4C4C9DE7EC}.Debug|x64.ActiveCfg = Debug|x64
		{BCEACA0A-48A3-3655-9AFA-0B4C4C9DE7EC}.Debug|x64.Build.0 = Debug|x64
		{BCEACA0A-48A3-3655-9AFA-0B4C4C9DE7EC}.Release|x64.ActiveCfg = Release|x64
		{BCEACA0A-48A3-3655-9AFA-0B4C4C9DE7EC}.Release|x64.Build.0 = Release|x64
		{BCEACA0A-48A3-3655-9AFA-0B4C4C9DE7EC}.MinSizeRel|x64.ActiveCfg = MinSizeRel|x64
		{BCEACA0A-48A3-3655-9AFA-0B4C4C9DE7EC}.MinSizeRel|x64.Build.0 = MinSizeRel|x64
		{BCEACA0A-48A3-3655-9AFA-0B4C4C9DE7EC}.RelWithDebInfo|x64.ActiveCfg = RelWithDebInfo|x64
		{BCEACA0A-48A3-3655-9AFA-0B4C4C9DE7EC}.RelWithDebInfo|x64.Build.0 = RelWithDebInfo|x64
		{4365BFC2-82CC-3011-99D9-5179DB6E5227}.Debug|x64.ActiveCfg = Debug|x64
		{4365BFC2-82CC-3011-99D9-5179DB6E5227}.Debug|x64.Build.0 = Debug|x64
		{4365BFC2-82CC-3011-99D9-5179DB6E5227}.Release|x64.ActiveCfg = Release|x64
		{4365BFC2-82CC-3011-99D9-5179DB6E5227}.Release|x64.Build.0 = Release|x64
		{4365BFC2-82CC-3011-99D9-5179DB6E5227}.MinSizeRel|x64.ActiveCfg = MinSizeRel|x64
		{4365BFC2-82CC-3011-99D9-5179DB6E5227}.MinSizeRel|x64.Build.0 = MinSizeRel|x64
		{4365BFC2-82CC-3011-99D9-5179DB6E5227}.RelWithDebInfo|x64.ActiveCfg = RelWithDebInfo|x64
		{4365BFC2-82CC-3011-99D9-5179DB6E5227}.RelWithDebInfo|x64.Build.0 = RelWithDebInfo|x64
		{F7124207-3EAE-3B0D-8321-75CAA29476D3}.Debug|x64.ActiveCfg = Debug|x64
		{F7124207-3EAE-3B0D-8321-75CAA29476D3}.Debug|x64.Build.0 = Debug|x64
		{F7124207-3EAE-3B0D-8321-75CAA29476D3}.Release|x64.ActiveCfg = Release|x64
		{F7124207-3EAE-3B0D-8321-75CAA29476D3}.Release|x64.Build.0 = Release|x64
		{F7124207-3EAE-3B0D-8321-75CAA29476D3}.MinSizeRel|x64.ActiveCfg = MinSizeRel|x64
		{F7124207-3EAE-3B0D-8321-75CAA29476D3}.MinSizeRel|x64.Build.0 = MinSizeRel|x64
		{F7124207-3EAE-3B0D-8321-75CAA29476D3}.RelWithDebInfo|x64.ActiveCfg = RelWithDebInfo|x64
		{F7124207-3EAE-3B0D-8321-75CAA29476D3}.RelWithDebInfo|x64.Build.0 = RelWithDebInfo|x64
	EndGlobalSection
	GlobalSection(ExtensibilityGlobals) = postSolution
	EndGlobalSection
	GlobalSection(ExtensibilityAddIns) = postSolution
	EndGlobalSection
EndGlobal
