<?xml version="1.0" encoding="UTF-8"?>
<Project ToolsVersion="12.0" xmlns="http://schemas.microsoft.com/developer/msbuild/2003">
  <ItemGroup>
    <ClCompile Include="C:\libtiff\libtiff\tif_aux.c">
      <Filter>Source Files</Filter>
    </ClCompile>
    <ClCompile Include="C:\libtiff\libtiff\tif_close.c">
      <Filter>Source Files</Filter>
    </ClCompile>
    <ClCompile Include="C:\libtiff\libtiff\tif_codec.c">
      <Filter>Source Files</Filter>
    </ClCompile>
    <ClCompile Include="C:\libtiff\libtiff\tif_color.c">
      <Filter>Source Files</Filter>
    </ClCompile>
    <ClCompile Include="C:\libtiff\libtiff\tif_compress.c">
      <Filter>Source Files</Filter>
    </ClCompile>
    <ClCompile Include="C:\libtiff\libtiff\tif_dir.c">
      <Filter>Source Files</Filter>
    </ClCompile>
    <ClCompile Include="C:\libtiff\libtiff\tif_dirinfo.c">
      <Filter>Source Files</Filter>
    </ClCompile>
    <ClCompile Include="C:\libtiff\libtiff\tif_dirread.c">
      <Filter>Source Files</Filter>
    </ClCompile>
    <ClCompile Include="C:\libtiff\libtiff\tif_dirwrite.c">
      <Filter>Source Files</Filter>
    </ClCompile>
    <ClCompile Include="C:\libtiff\libtiff\tif_dumpmode.c">
      <Filter>Source Files</Filter>
    </ClCompile>
    <ClCompile Include="C:\libtiff\libtiff\tif_error.c">
      <Filter>Source Files</Filter>
    </ClCompile>
    <ClCompile Include="C:\libtiff\libtiff\tif_extension.c">
      <Filter>Source Files</Filter>
    </ClCompile>
    <ClCompile Include="C:\libtiff\libtiff\tif_fax3.c">
      <Filter>Source Files</Filter>
    </ClCompile>
    <ClCompile Include="C:\libtiff\libtiff\tif_fax3sm.c">
      <Filter>Source Files</Filter>
    </ClCompile>
    <ClCompile Include="C:\libtiff\libtiff\tif_flush.c">
      <Filter>Source Files</Filter>
    </ClCompile>
    <ClCompile Include="C:\libtiff\libtiff\tif_getimage.c">
      <Filter>Source Files</Filter>
    </ClCompile>
    <ClCompile Include="C:\libtiff\libtiff\tif_jbig.c">
      <Filter>Source Files</Filter>
    </ClCompile>
    <ClCompile Include="C:\libtiff\libtiff\tif_jpeg.c">
      <Filter>Source Files</Filter>
    </ClCompile>
    <ClCompile Include="C:\libtiff\libtiff\tif_jpeg_12.c">
      <Filter>Source Files</Filter>
    </ClCompile>
    <ClCompile Include="C:\libtiff\libtiff\tif_luv.c">
      <Filter>Source Files</Filter>
    </ClCompile>
    <ClCompile Include="C:\libtiff\libtiff\tif_lzma.c">
      <Filter>Source Files</Filter>
    </ClCompile>
    <ClCompile Include="C:\libtiff\libtiff\tif_lzw.c">
      <Filter>Source Files</Filter>
    </ClCompile>
    <ClCompile Include="C:\libtiff\libtiff\tif_next.c">
      <Filter>Source Files</Filter>
    </ClCompile>
    <ClCompile Include="C:\libtiff\libtiff\tif_ojpeg.c">
      <Filter>Source Files</Filter>
    </ClCompile>
    <ClCompile Include="C:\libtiff\libtiff\tif_open.c">
      <Filter>Source Files</Filter>
    </ClCompile>
    <ClCompile Include="C:\libtiff\libtiff\tif_packbits.c">
      <Filter>Source Files</Filter>
    </ClCompile>
    <ClCompile Include="C:\libtiff\libtiff\tif_pixarlog.c">
      <Filter>Source Files</Filter>
    </ClCompile>
    <ClCompile Include="C:\libtiff\libtiff\tif_predict.c">
      <Filter>Source Files</Filter>
    </ClCompile>
    <ClCompile Include="C:\libtiff\libtiff\tif_print.c">
      <Filter>Source Files</Filter>
    </ClCompile>
    <ClCompile Include="C:\libtiff\libtiff\tif_read.c">
      <Filter>Source Files</Filter>
    </ClCompile>
    <ClCompile Include="C:\libtiff\libtiff\tif_strip.c">
      <Filter>Source Files</Filter>
    </ClCompile>
    <ClCompile Include="C:\libtiff\libtiff\tif_swab.c">
      <Filter>Source Files</Filter>
    </ClCompile>
    <ClCompile Include="C:\libtiff\libtiff\tif_thunder.c">
      <Filter>Source Files</Filter>
    </ClCompile>
    <ClCompile Include="C:\libtiff\libtiff\tif_tile.c">
      <Filter>Source Files</Filter>
    </ClCompile>
    <ClCompile Include="C:\libtiff\libtiff\tif_version.c">
      <Filter>Source Files</Filter>
    </ClCompile>
    <ClCompile Include="C:\libtiff\libtiff\tif_warning.c">
      <Filter>Source Files</Filter>
    </ClCompile>
    <ClCompile Include="C:\libtiff\libtiff\tif_write.c">
      <Filter>Source Files</Filter>
    </ClCompile>
    <ClCompile Include="C:\libtiff\libtiff\tif_zip.c">
      <Filter>Source Files</Filter>
    </ClCompile>
    <ClCompile Include="C:\libtiff\libtiff\tif_unix.c">
      <Filter>Source Files</Filter>
    </ClCompile>
    <ClCompile Include="C:\libtiff\port\dummy.c">
      <Filter>Source Files</Filter>
    </ClCompile>
    <ClCompile Include="C:\libtiff\port\getopt.c">
      <Filter>Source Files</Filter>
    </ClCompile>
    <ClCompile Include="C:\libtiff\port\snprintf.c">
      <Filter>Source Files</Filter>
    </ClCompile>
    <ClCompile Include="C:\libtiff\port\strcasecmp.c">
      <Filter>Source Files</Filter>
    </ClCompile>
  </ItemGroup>
  <ItemGroup>
    <ClInclude Include="C:\libtiff\libtiff\tiff.h">
      <Filter>Header Files</Filter>
    </ClInclude>
    <ClInclude Include="C:\libtiff\libtiff\tiffio.h">
      <Filter>Header Files</Filter>
    </ClInclude>
    <ClInclude Include="C:\libtiff\libtiff\tiffvers.h">
      <Filter>Header Files</Filter>
    </ClInclude>
    <ClInclude Include="C:\libtiff\libtiff\tiffconf.h">
      <Filter>Header Files</Filter>
    </ClInclude>
    <ClInclude Include="C:\libtiff\port\libport.h">
      <Filter>Header Files</Filter>
    </ClInclude>
  </ItemGroup>
  <ItemGroup>
    <CustomBuild Include="C:\libtiff\libtiff\CMakeLists.txt" />
  </ItemGroup>
  <ItemGroup>
    <None Include="C:\libtiff\libtiff\libtiff.def">
      <Filter>Source Files</Filter>
    </None>
  </ItemGroup>
  <ItemGroup>
    <Filter Include="Source Files">
      <UniqueIdentifier>{E9FAAD14-45F1-33AB-9793-AA6955EBEE58}</UniqueIdentifier>
    </Filter>
    <Filter Include="Header Files">
      <UniqueIdentifier>{4C9BD6F0-265F-30E8-85DC-5302FDAB8FBB}</UniqueIdentifier>
    </Filter>
  </ItemGroup>
</Project>
